github.com/ajstarks/svgo v0.0.0-20210406150507-75cfd577ce75 h1:tuK1xIp+jrEEF0l3xXab78w89ilYr0Am170KdSml2xc=
github.com/ajstarks/svgo v0.0.0-20210406150507-75cfd577ce75/go.mod h1:K08gAheRH3/J6wwsYMMT4xOr94bZjxIelGM0+d/wbFw=
github.com/hashicorp/golang-lru v0.5.4 h1:YDjusn29QI/Das2iO9M0BHnIbxPeyuCHsjMW+lJfyTc=
github.com/hashicorp/golang-lru v0.5.4/go.mod h1:iADmTwqILo4mZ8BN3D2Q6+9jd8WM5uGBxy+E8yxSoD4=
